// !$*UTF8*$!
{
	archiveVersion = 1;
	classes = {
	};
	objectVersion = 48;
	objects = {

/* Begin PBXBuildFile section */
		0C2358DF2046BB30006919CF /* AppDelegate.swift in Sources */ = {isa = PBXBuildFile; fileRef = 0C2358DE2046BB30006919CF /* AppDelegate.swift */; };
		0C2358E12046BB30006919CF /* NameFeatureViewController.swift in Sources */ = {isa = PBXBuildFile; fileRef = 0C2358E02046BB30006919CF /* NameFeatureViewController.swift */; };
		0C2358E42046BB30006919CF /* Main.storyboard in Resources */ = {isa = PBXBuildFile; fileRef = 0C2358E22046BB30006919CF /* Main.storyboard */; };
		0C2358E92046BB30006919CF /* LaunchScreen.storyboard in Resources */ = {isa = PBXBuildFile; fileRef = 0C2358E72046BB30006919CF /* LaunchScreen.storyboard */; };
		0C2358F52046C3A6006919CF /* Localizable.strings in Resources */ = {isa = PBXBuildFile; fileRef = 0C2358F42046C3A6006919CF /* Localizable.strings */; };
		0C709A7A2047038700D9F217 /* LanguageCoordinator.swift in Sources */ = {isa = PBXBuildFile; fileRef = 0C709A792047038700D9F217 /* LanguageCoordinator.swift */; };
		0C709A7C204703AE00D9F217 /* ColorCoordinator.swift in Sources */ = {isa = PBXBuildFile; fileRef = 0C709A7B204703AE00D9F217 /* ColorCoordinator.swift */; };
		0C709A7E204703C100D9F217 /* LoadManager.swift in Sources */ = {isa = PBXBuildFile; fileRef = 0C709A7D204703C100D9F217 /* LoadManager.swift */; };
		0C709A8020470BDA00D9F217 /* String+Extension.swift in Sources */ = {isa = PBXBuildFile; fileRef = 0C709A7F20470BDA00D9F217 /* String+Extension.swift */; };
		0C709A8420470DDB00D9F217 /* DataManagerService.swift in Sources */ = {isa = PBXBuildFile; fileRef = 0C709A8320470DDB00D9F217 /* DataManagerService.swift */; };
		0C709A862047112300D9F217 /* DataManagerServiceProtocol.swift in Sources */ = {isa = PBXBuildFile; fileRef = 0C709A852047112300D9F217 /* DataManagerServiceProtocol.swift */; };
		0C709A882047EE2100D9F217 /* Assets.xcassets in Resources */ = {isa = PBXBuildFile; fileRef = 0C709A872047EE2100D9F217 /* Assets.xcassets */; };
		0C709A922047FDDE00D9F217 /* NameFeatureViewControllerProtocol.swift in Sources */ = {isa = PBXBuildFile; fileRef = 0C709A912047FDDE00D9F217 /* NameFeatureViewControllerProtocol.swift */; };
		0C709A942047FEFC00D9F217 /* NameFeatureRouter.swift in Sources */ = {isa = PBXBuildFile; fileRef = 0C709A932047FEFC00D9F217 /* NameFeatureRouter.swift */; };
		0C709A962047FF0800D9F217 /* NameFeatureRouterProtocol.swift in Sources */ = {isa = PBXBuildFile; fileRef = 0C709A952047FF0800D9F217 /* NameFeatureRouterProtocol.swift */; };
		0C709A982047FFB500D9F217 /* NameFeaturePresenterProtocol.swift in Sources */ = {isa = PBXBuildFile; fileRef = 0C709A972047FFB500D9F217 /* NameFeaturePresenterProtocol.swift */; };
		0C709A9A2047FFCD00D9F217 /* NameFeaturePresenter.swift in Sources */ = {isa = PBXBuildFile; fileRef = 0C709A992047FFCD00D9F217 /* NameFeaturePresenter.swift */; };
		0C709A9C204800D700D9F217 /* NameFeatureInteractorProtocol.swift in Sources */ = {isa = PBXBuildFile; fileRef = 0C709A9B204800D700D9F217 /* NameFeatureInteractorProtocol.swift */; };
		0C709A9E204801F000D9F217 /* NameFeatureInteractor.swift in Sources */ = {isa = PBXBuildFile; fileRef = 0C709A9D204801F000D9F217 /* NameFeatureInteractor.swift */; };
		0C709AA0204816AA00D9F217 /* DataManagerLocal.swift in Sources */ = {isa = PBXBuildFile; fileRef = 0C709A9F204816AA00D9F217 /* DataManagerLocal.swift */; };
		0C709AA2204816D500D9F217 /* DataManagerLocalProtocol.swift in Sources */ = {isa = PBXBuildFile; fileRef = 0C709AA1204816D500D9F217 /* DataManagerLocalProtocol.swift */; };
		0C709AAD2049662C00D9F217 /* KeyManager.swift in Sources */ = {isa = PBXBuildFile; fileRef = 0C709AAC2049662C00D9F217 /* KeyManager.swift */; };
		0CCC4BE5204D4E44008B8D29 /* FontsCoordinator.swift in Sources */ = {isa = PBXBuildFile; fileRef = 0CCC4BE4204D4E44008B8D29 /* FontsCoordinator.swift */; };
		97BBDA09DAA31491D46A8257 /* Pods_PlantillaVIPER.framework in Frameworks */ = {isa = PBXBuildFile; fileRef = C7F5304CE523FDB95EDD2044 /* Pods_PlantillaVIPER.framework */; };
/* End PBXBuildFile section */

/* Begin PBXFileReference section */
		027D564D33627D8FA30CD466 /* Pods-PlantillaVIPER.debug.xcconfig */ = {isa = PBXFileReference; includeInIndex = 1; lastKnownFileType = text.xcconfig; name = "Pods-PlantillaVIPER.debug.xcconfig"; path = "Pods/Target Support Files/Pods-PlantillaVIPER/Pods-PlantillaVIPER.debug.xcconfig"; sourceTree = "<group>"; };
		0C2358DB2046BB30006919CF /* PlantillaVIPER.app */ = {isa = PBXFileReference; explicitFileType = wrapper.application; includeInIndex = 0; path = PlantillaVIPER.app; sourceTree = BUILT_PRODUCTS_DIR; };
		0C2358DE2046BB30006919CF /* AppDelegate.swift */ = {isa = PBXFileReference; lastKnownFileType = sourcecode.swift; path = AppDelegate.swift; sourceTree = "<group>"; };
		0C2358E02046BB30006919CF /* NameFeatureViewController.swift */ = {isa = PBXFileReference; lastKnownFileType = sourcecode.swift; path = NameFeatureViewController.swift; sourceTree = "<group>"; };
		0C2358E32046BB30006919CF /* Base */ = {isa = PBXFileReference; lastKnownFileType = file.storyboard; name = Base; path = Base.lproj/Main.storyboard; sourceTree = "<group>"; };
		0C2358E82046BB30006919CF /* Base */ = {isa = PBXFileReference; lastKnownFileType = file.storyboard; name = Base; path = Base.lproj/LaunchScreen.storyboard; sourceTree = "<group>"; };
		0C2358EA2046BB30006919CF /* Info.plist */ = {isa = PBXFileReference; lastKnownFileType = text.plist.xml; path = Info.plist; sourceTree = "<group>"; };
		0C2358F42046C3A6006919CF /* Localizable.strings */ = {isa = PBXFileReference; lastKnownFileType = text.plist.strings; path = Localizable.strings; sourceTree = "<group>"; };
		0C709A792047038700D9F217 /* LanguageCoordinator.swift */ = {isa = PBXFileReference; lastKnownFileType = sourcecode.swift; path = LanguageCoordinator.swift; sourceTree = "<group>"; };
		0C709A7B204703AE00D9F217 /* ColorCoordinator.swift */ = {isa = PBXFileReference; lastKnownFileType = sourcecode.swift; path = ColorCoordinator.swift; sourceTree = "<group>"; };
		0C709A7D204703C100D9F217 /* LoadManager.swift */ = {isa = PBXFileReference; lastKnownFileType = sourcecode.swift; path = LoadManager.swift; sourceTree = "<group>"; };
		0C709A7F20470BDA00D9F217 /* String+Extension.swift */ = {isa = PBXFileReference; lastKnownFileType = sourcecode.swift; path = "String+Extension.swift"; sourceTree = "<group>"; };
		0C709A8320470DDB00D9F217 /* DataManagerService.swift */ = {isa = PBXFileReference; lastKnownFileType = sourcecode.swift; path = DataManagerService.swift; sourceTree = "<group>"; };
		0C709A852047112300D9F217 /* DataManagerServiceProtocol.swift */ = {isa = PBXFileReference; lastKnownFileType = sourcecode.swift; path = DataManagerServiceProtocol.swift; sourceTree = "<group>"; };
		0C709A872047EE2100D9F217 /* Assets.xcassets */ = {isa = PBXFileReference; lastKnownFileType = folder.assetcatalog; path = Assets.xcassets; sourceTree = "<group>"; };
		0C709A912047FDDE00D9F217 /* NameFeatureViewControllerProtocol.swift */ = {isa = PBXFileReference; lastKnownFileType = sourcecode.swift; path = NameFeatureViewControllerProtocol.swift; sourceTree = "<group>"; };
		0C709A932047FEFC00D9F217 /* NameFeatureRouter.swift */ = {isa = PBXFileReference; lastKnownFileType = sourcecode.swift; path = NameFeatureRouter.swift; sourceTree = "<group>"; };
		0C709A952047FF0800D9F217 /* NameFeatureRouterProtocol.swift */ = {isa = PBXFileReference; lastKnownFileType = sourcecode.swift; path = NameFeatureRouterProtocol.swift; sourceTree = "<group>"; };
		0C709A972047FFB500D9F217 /* NameFeaturePresenterProtocol.swift */ = {isa = PBXFileReference; lastKnownFileType = sourcecode.swift; path = NameFeaturePresenterProtocol.swift; sourceTree = "<group>"; };
		0C709A992047FFCD00D9F217 /* NameFeaturePresenter.swift */ = {isa = PBXFileReference; lastKnownFileType = sourcecode.swift; path = NameFeaturePresenter.swift; sourceTree = "<group>"; };
		0C709A9B204800D700D9F217 /* NameFeatureInteractorProtocol.swift */ = {isa = PBXFileReference; lastKnownFileType = sourcecode.swift; path = NameFeatureInteractorProtocol.swift; sourceTree = "<group>"; };
		0C709A9D204801F000D9F217 /* NameFeatureInteractor.swift */ = {isa = PBXFileReference; lastKnownFileType = sourcecode.swift; path = NameFeatureInteractor.swift; sourceTree = "<group>"; };
		0C709A9F204816AA00D9F217 /* DataManagerLocal.swift */ = {isa = PBXFileReference; lastKnownFileType = sourcecode.swift; path = DataManagerLocal.swift; sourceTree = "<group>"; };
		0C709AA1204816D500D9F217 /* DataManagerLocalProtocol.swift */ = {isa = PBXFileReference; lastKnownFileType = sourcecode.swift; path = DataManagerLocalProtocol.swift; sourceTree = "<group>"; };
		0C709AAC2049662C00D9F217 /* KeyManager.swift */ = {isa = PBXFileReference; lastKnownFileType = sourcecode.swift; path = KeyManager.swift; sourceTree = "<group>"; };
		0CCC4BE4204D4E44008B8D29 /* FontsCoordinator.swift */ = {isa = PBXFileReference; lastKnownFileType = sourcecode.swift; path = FontsCoordinator.swift; sourceTree = "<group>"; };
		78865E979B17923279106C00 /* Pods-PlantillaVIPER.release.xcconfig */ = {isa = PBXFileReference; includeInIndex = 1; lastKnownFileType = text.xcconfig; name = "Pods-PlantillaVIPER.release.xcconfig"; path = "Pods/Target Support Files/Pods-PlantillaVIPER/Pods-PlantillaVIPER.release.xcconfig"; sourceTree = "<group>"; };
		C7F5304CE523FDB95EDD2044 /* Pods_PlantillaVIPER.framework */ = {isa = PBXFileReference; explicitFileType = wrapper.framework; includeInIndex = 0; path = Pods_PlantillaVIPER.framework; sourceTree = BUILT_PRODUCTS_DIR; };
/* End PBXFileReference section */

/* Begin PBXFrameworksBuildPhase section */
		0C2358D82046BB30006919CF /* Frameworks */ = {
			isa = PBXFrameworksBuildPhase;
			buildActionMask = 2147483647;
			files = (
				97BBDA09DAA31491D46A8257 /* Pods_PlantillaVIPER.framework in Frameworks */,
			);
			runOnlyForDeploymentPostprocessing = 0;
		};
/* End PBXFrameworksBuildPhase section */

/* Begin PBXGroup section */
		0C2358D22046BB30006919CF = {
			isa = PBXGroup;
			children = (
				0C2358DD2046BB30006919CF /* PlantillaVIPER */,
				0C2358DC2046BB30006919CF /* Products */,
				44AD2DCB7DC29C9CFCB77D07 /* Pods */,
				8D316DF2C4A2FCA111840AD0 /* Frameworks */,
			);
			sourceTree = "<group>";
		};
		0C2358DC2046BB30006919CF /* Products */ = {
			isa = PBXGroup;
			children = (
				0C2358DB2046BB30006919CF /* PlantillaVIPER.app */,
			);
			name = Products;
			sourceTree = "<group>";
		};
		0C2358DD2046BB30006919CF /* PlantillaVIPER */ = {
			isa = PBXGroup;
			children = (
				0C2358F02046BD56006919CF /* Modules */,
				0C2358F12046C35E006919CF /* Application */,
				0C2358F22046C364006919CF /* Resources */,
			);
			path = PlantillaVIPER;
			sourceTree = "<group>";
		};
		0C2358F02046BD56006919CF /* Modules */ = {
			isa = PBXGroup;
			children = (
				0C2358F82046D94F006919CF /* Common */,
				0C2358F62046D373006919CF /* Custom Components */,
				0C2358F72046D93A006919CF /* Features */,
			);
			path = Modules;
			sourceTree = "<group>";
		};
		0C2358F12046C35E006919CF /* Application */ = {
			isa = PBXGroup;
			children = (
				0C2358DE2046BB30006919CF /* AppDelegate.swift */,
				0C2358EA2046BB30006919CF /* Info.plist */,
			);
			path = Application;
			sourceTree = "<group>";
		};
		0C2358F22046C364006919CF /* Resources */ = {
			isa = PBXGroup;
			children = (
				0C2358F32046C38D006919CF /* Language */,
				0C2358E72046BB30006919CF /* LaunchScreen.storyboard */,
				0C709A872047EE2100D9F217 /* Assets.xcassets */,
			);
			path = Resources;
			sourceTree = "<group>";
		};
		0C2358F32046C38D006919CF /* Language */ = {
			isa = PBXGroup;
			children = (
				0C2358F42046C3A6006919CF /* Localizable.strings */,
			);
			path = Language;
			sourceTree = "<group>";
		};
		0C2358F62046D373006919CF /* Custom Components */ = {
			isa = PBXGroup;
			children = (
				0C709A902047FD0500D9F217 /* Views */,
				0C709A8F2047FCFC00D9F217 /* CollectionCells */,
				0C709A8E2047FCF300D9F217 /* TableCells */,
			);
			path = "Custom Components";
			sourceTree = "<group>";
		};
		0C2358F72046D93A006919CF /* Features */ = {
			isa = PBXGroup;
			children = (
				0C2358FC2046DAFF006919CF /* Storage */,
				0C709A892047FCB000D9F217 /* Name Feature */,
				0C2358E22046BB30006919CF /* Main.storyboard */,
			);
			path = Features;
			sourceTree = "<group>";
		};
		0C2358F82046D94F006919CF /* Common */ = {
			isa = PBXGroup;
			children = (
				0C2358F92046DA82006919CF /* Managers */,
				0C2358FA2046DAA7006919CF /* Extensions */,
				0C2358FB2046DABC006919CF /* Coordinators */,
			);
			path = Common;
			sourceTree = "<group>";
		};
		0C2358F92046DA82006919CF /* Managers */ = {
			isa = PBXGroup;
			children = (
				0C709A7D204703C100D9F217 /* LoadManager.swift */,
				0C709AAC2049662C00D9F217 /* KeyManager.swift */,
			);
			path = Managers;
			sourceTree = "<group>";
		};
		0C2358FA2046DAA7006919CF /* Extensions */ = {
			isa = PBXGroup;
			children = (
				0C709A7F20470BDA00D9F217 /* String+Extension.swift */,
			);
			path = Extensions;
			sourceTree = "<group>";
		};
		0C2358FB2046DABC006919CF /* Coordinators */ = {
			isa = PBXGroup;
			children = (
				0C709A792047038700D9F217 /* LanguageCoordinator.swift */,
				0C709A7B204703AE00D9F217 /* ColorCoordinator.swift */,
				0CCC4BE4204D4E44008B8D29 /* FontsCoordinator.swift */,
			);
			path = Coordinators;
			sourceTree = "<group>";
		};
		0C2358FC2046DAFF006919CF /* Storage */ = {
			isa = PBXGroup;
			children = (
				0C2358FD2046DB49006919CF /* Network */,
				0C2358FE2046DB50006919CF /* Local */,
			);
			path = Storage;
			sourceTree = "<group>";
		};
		0C2358FD2046DB49006919CF /* Network */ = {
			isa = PBXGroup;
			children = (
				0C709A852047112300D9F217 /* DataManagerServiceProtocol.swift */,
				0C709A8320470DDB00D9F217 /* DataManagerService.swift */,
				0C709A8120470DC400D9F217 /* Entities */,
			);
			path = Network;
			sourceTree = "<group>";
		};
		0C2358FE2046DB50006919CF /* Local */ = {
			isa = PBXGroup;
			children = (
				0C709AA1204816D500D9F217 /* DataManagerLocalProtocol.swift */,
				0C709A9F204816AA00D9F217 /* DataManagerLocal.swift */,
				0C709A8220470DCC00D9F217 /* Entities */,
			);
			path = Local;
			sourceTree = "<group>";
		};
		0C709A8120470DC400D9F217 /* Entities */ = {
			isa = PBXGroup;
			children = (
				0C709AA32048180800D9F217 /* Name Feature */,
			);
			path = Entities;
			sourceTree = "<group>";
		};
		0C709A8220470DCC00D9F217 /* Entities */ = {
			isa = PBXGroup;
			children = (
				0C709AA42048181900D9F217 /* Name Feature */,
			);
			path = Entities;
			sourceTree = "<group>";
		};
		0C709A892047FCB000D9F217 /* Name Feature */ = {
			isa = PBXGroup;
			children = (
				0C709A8D2047FCED00D9F217 /* Interactor */,
				0C709A8C2047FCC900D9F217 /* Presenter */,
				0C709A8B2047FCC500D9F217 /* Router */,
				0C709A8A2047FCBB00D9F217 /* View */,
			);
			path = "Name Feature";
			sourceTree = "<group>";
		};
		0C709A8A2047FCBB00D9F217 /* View */ = {
			isa = PBXGroup;
			children = (
				0C709A912047FDDE00D9F217 /* NameFeatureViewControllerProtocol.swift */,
				0C2358E02046BB30006919CF /* NameFeatureViewController.swift */,
			);
			path = View;
			sourceTree = "<group>";
		};
		0C709A8B2047FCC500D9F217 /* Router */ = {
			isa = PBXGroup;
			children = (
				0C709A952047FF0800D9F217 /* NameFeatureRouterProtocol.swift */,
				0C709A932047FEFC00D9F217 /* NameFeatureRouter.swift */,
			);
			path = Router;
			sourceTree = "<group>";
		};
		0C709A8C2047FCC900D9F217 /* Presenter */ = {
			isa = PBXGroup;
			children = (
				0C709A972047FFB500D9F217 /* NameFeaturePresenterProtocol.swift */,
				0C709A992047FFCD00D9F217 /* NameFeaturePresenter.swift */,
			);
			path = Presenter;
			sourceTree = "<group>";
		};
		0C709A8D2047FCED00D9F217 /* Interactor */ = {
			isa = PBXGroup;
			children = (
				0C709A9B204800D700D9F217 /* NameFeatureInteractorProtocol.swift */,
				0C709A9D204801F000D9F217 /* NameFeatureInteractor.swift */,
			);
			path = Interactor;
			sourceTree = "<group>";
		};
		0C709A8E2047FCF300D9F217 /* TableCells */ = {
			isa = PBXGroup;
			children = (
			);
			path = TableCells;
			sourceTree = "<group>";
		};
		0C709A8F2047FCFC00D9F217 /* CollectionCells */ = {
			isa = PBXGroup;
			children = (
			);
			path = CollectionCells;
			sourceTree = "<group>";
		};
		0C709A902047FD0500D9F217 /* Views */ = {
			isa = PBXGroup;
			children = (
			);
			path = Views;
			sourceTree = "<group>";
		};
		0C709AA32048180800D9F217 /* Name Feature */ = {
			isa = PBXGroup;
			children = (
			);
			path = "Name Feature";
			sourceTree = "<group>";
		};
		0C709AA42048181900D9F217 /* Name Feature */ = {
			isa = PBXGroup;
			children = (
			);
			path = "Name Feature";
			sourceTree = "<group>";
		};
		44AD2DCB7DC29C9CFCB77D07 /* Pods */ = {
			isa = PBXGroup;
			children = (
				027D564D33627D8FA30CD466 /* Pods-PlantillaVIPER.debug.xcconfig */,
				78865E979B17923279106C00 /* Pods-PlantillaVIPER.release.xcconfig */,
			);
			name = Pods;
			sourceTree = "<group>";
		};
		8D316DF2C4A2FCA111840AD0 /* Frameworks */ = {
			isa = PBXGroup;
			children = (
				C7F5304CE523FDB95EDD2044 /* Pods_PlantillaVIPER.framework */,
			);
			name = Frameworks;
			sourceTree = "<group>";
		};
/* End PBXGroup section */

/* Begin PBXNativeTarget section */
		0C2358DA2046BB30006919CF /* PlantillaVIPER */ = {
			isa = PBXNativeTarget;
			buildConfigurationList = 0C2358ED2046BB30006919CF /* Build configuration list for PBXNativeTarget "PlantillaVIPER" */;
			buildPhases = (
				D91C4D6799A607FCA87AC96F /* [CP] Check Pods Manifest.lock */,
				0C2358D72046BB30006919CF /* Sources */,
				0C2358D82046BB30006919CF /* Frameworks */,
				0C2358D92046BB30006919CF /* Resources */,
				D8D6DAB62F18753464D77245 /* [CP] Embed Pods Frameworks */,
				AF8C17B0840CED8E6EAAFEC5 /* [CP] Copy Pods Resources */,
			);
			buildRules = (
			);
			dependencies = (
			);
			name = PlantillaVIPER;
			productName = PlantillaVIPER;
			productReference = 0C2358DB2046BB30006919CF /* PlantillaVIPER.app */;
			productType = "com.apple.product-type.application";
		};
/* End PBXNativeTarget section */

/* Begin PBXProject section */
		0C2358D32046BB30006919CF /* Project object */ = {
			isa = PBXProject;
			attributes = {
				LastSwiftUpdateCheck = 0920;
				LastUpgradeCheck = 0920;
				ORGANIZATIONNAME = "Ainhoa Calviño";
				TargetAttributes = {
					0C2358DA2046BB30006919CF = {
						CreatedOnToolsVersion = 9.2;
						ProvisioningStyle = Automatic;
					};
				};
			};
			buildConfigurationList = 0C2358D62046BB30006919CF /* Build configuration list for PBXProject "PlantillaVIPER" */;
			compatibilityVersion = "Xcode 8.0";
			developmentRegion = en;
			hasScannedForEncodings = 0;
			knownRegions = (
				en,
				Base,
			);
			mainGroup = 0C2358D22046BB30006919CF;
			productRefGroup = 0C2358DC2046BB30006919CF /* Products */;
			projectDirPath = "";
			projectRoot = "";
			targets = (
				0C2358DA2046BB30006919CF /* PlantillaVIPER */,
			);
		};
/* End PBXProject section */

/* Begin PBXResourcesBuildPhase section */
		0C2358D92046BB30006919CF /* Resources */ = {
			isa = PBXResourcesBuildPhase;
			buildActionMask = 2147483647;
			files = (
				0C2358E92046BB30006919CF /* LaunchScreen.storyboard in Resources */,
				0C2358F52046C3A6006919CF /* Localizable.strings in Resources */,
				0C709A882047EE2100D9F217 /* Assets.xcassets in Resources */,
				0C2358E42046BB30006919CF /* Main.storyboard in Resources */,
			);
			runOnlyForDeploymentPostprocessing = 0;
		};
/* End PBXResourcesBuildPhase section */

/* Begin PBXShellScriptBuildPhase section */
		AF8C17B0840CED8E6EAAFEC5 /* [CP] Copy Pods Resources */ = {
			isa = PBXShellScriptBuildPhase;
			buildActionMask = 2147483647;
			files = (
			);
			inputPaths = (
			);
			name = "[CP] Copy Pods Resources";
			outputPaths = (
			);
			runOnlyForDeploymentPostprocessing = 0;
			shellPath = /bin/sh;
			shellScript = "\"${SRCROOT}/Pods/Target Support Files/Pods-PlantillaVIPER/Pods-PlantillaVIPER-resources.sh\"\n";
			showEnvVarsInLog = 0;
		};
		D8D6DAB62F18753464D77245 /* [CP] Embed Pods Frameworks */ = {
			isa = PBXShellScriptBuildPhase;
			buildActionMask = 2147483647;
			files = (
			);
			inputPaths = (
			);
			name = "[CP] Embed Pods Frameworks";
			outputPaths = (
			);
			runOnlyForDeploymentPostprocessing = 0;
			shellPath = /bin/sh;
			shellScript = "\"${SRCROOT}/Pods/Target Support Files/Pods-PlantillaVIPER/Pods-PlantillaVIPER-frameworks.sh\"\n";
			showEnvVarsInLog = 0;
		};
		D91C4D6799A607FCA87AC96F /* [CP] Check Pods Manifest.lock */ = {
			isa = PBXShellScriptBuildPhase;
			buildActionMask = 2147483647;
			files = (
			);
			inputPaths = (
				"${PODS_PODFILE_DIR_PATH}/Podfile.lock",
				"${PODS_ROOT}/Manifest.lock",
			);
			name = "[CP] Check Pods Manifest.lock";
			outputPaths = (
				"$(DERIVED_FILE_DIR)/Pods-PlantillaVIPER-checkManifestLockResult.txt",
			);
			runOnlyForDeploymentPostprocessing = 0;
			shellPath = /bin/sh;
			shellScript = "diff \"${PODS_PODFILE_DIR_PATH}/Podfile.lock\" \"${PODS_ROOT}/Manifest.lock\" > /dev/null\nif [ $? != 0 ] ; then\n    # print error to STDERR\n    echo \"error: The sandbox is not in sync with the Podfile.lock. Run 'pod install' or update your CocoaPods installation.\" >&2\n    exit 1\nfi\n# This output is used by Xcode 'outputs' to avoid re-running this script phase.\necho \"SUCCESS\" > \"${SCRIPT_OUTPUT_FILE_0}\"\n";
			showEnvVarsInLog = 0;
		};
/* End PBXShellScriptBuildPhase section */

/* Begin PBXSourcesBuildPhase section */
		0C2358D72046BB30006919CF /* Sources */ = {
			isa = PBXSourcesBuildPhase;
			buildActionMask = 2147483647;
			files = (
				0C709A7C204703AE00D9F217 /* ColorCoordinator.swift in Sources */,
				0C709AA0204816AA00D9F217 /* DataManagerLocal.swift in Sources */,
				0C2358E12046BB30006919CF /* NameFeatureViewController.swift in Sources */,
				0C709A942047FEFC00D9F217 /* NameFeatureRouter.swift in Sources */,
				0C709A862047112300D9F217 /* DataManagerServiceProtocol.swift in Sources */,
				0C709AAD2049662C00D9F217 /* KeyManager.swift in Sources */,
				0C709A9C204800D700D9F217 /* NameFeatureInteractorProtocol.swift in Sources */,
				0C709A7E204703C100D9F217 /* LoadManager.swift in Sources */,
				0C709A962047FF0800D9F217 /* NameFeatureRouterProtocol.swift in Sources */,
				0C2358DF2046BB30006919CF /* AppDelegate.swift in Sources */,
				0C709A9A2047FFCD00D9F217 /* NameFeaturePresenter.swift in Sources */,
				0C709A9E204801F000D9F217 /* NameFeatureInteractor.swift in Sources */,
				0CCC4BE5204D4E44008B8D29 /* FontsCoordinator.swift in Sources */,
				0C709AA2204816D500D9F217 /* DataManagerLocalProtocol.swift in Sources */,
				0C709A922047FDDE00D9F217 /* NameFeatureViewControllerProtocol.swift in Sources */,
				0C709A982047FFB500D9F217 /* NameFeaturePresenterProtocol.swift in Sources */,
				0C709A8420470DDB00D9F217 /* DataManagerService.swift in Sources */,
				0C709A8020470BDA00D9F217 /* String+Extension.swift in Sources */,
				0C709A7A2047038700D9F217 /* LanguageCoordinator.swift in Sources */,
			);
			runOnlyForDeploymentPostprocessing = 0;
		};
/* End PBXSourcesBuildPhase section */

/* Begin PBXVariantGroup section */
		0C2358E22046BB30006919CF /* Main.storyboard */ = {
			isa = PBXVariantGroup;
			children = (
				0C2358E32046BB30006919CF /* Base */,
			);
			name = Main.storyboard;
			sourceTree = "<group>";
		};
		0C2358E72046BB30006919CF /* LaunchScreen.storyboard */ = {
			isa = PBXVariantGroup;
			children = (
				0C2358E82046BB30006919CF /* Base */,
			);
			name = LaunchScreen.storyboard;
			sourceTree = "<group>";
		};
/* End PBXVariantGroup section */

/* Begin XCBuildConfiguration section */
		0C2358EB2046BB30006919CF /* Debug */ = {
			isa = XCBuildConfiguration;
			buildSettings = {
				ALWAYS_SEARCH_USER_PATHS = NO;
				CLANG_ANALYZER_NONNULL = YES;
				CLANG_ANALYZER_NUMBER_OBJECT_CONVERSION = YES_AGGRESSIVE;
				CLANG_CXX_LANGUAGE_STANDARD = "gnu++14";
				CLANG_CXX_LIBRARY = "libc++";
				CLANG_ENABLE_MODULES = YES;
				CLANG_ENABLE_OBJC_ARC = YES;
				CLANG_WARN_BLOCK_CAPTURE_AUTORELEASING = YES;
				CLANG_WARN_BOOL_CONVERSION = YES;
				CLANG_WARN_COMMA = YES;
				CLANG_WARN_CONSTANT_CONVERSION = YES;
				CLANG_WARN_DIRECT_OBJC_ISA_USAGE = YES_ERROR;
				CLANG_WARN_DOCUMENTATION_COMMENTS = YES;
				CLANG_WARN_EMPTY_BODY = YES;
				CLANG_WARN_ENUM_CONVERSION = YES;
				CLANG_WARN_INFINITE_RECURSION = YES;
				CLANG_WARN_INT_CONVERSION = YES;
				CLANG_WARN_NON_LITERAL_NULL_CONVERSION = YES;
				CLANG_WARN_OBJC_LITERAL_CONVERSION = YES;
				CLANG_WARN_OBJC_ROOT_CLASS = YES_ERROR;
				CLANG_WARN_RANGE_LOOP_ANALYSIS = YES;
				CLANG_WARN_STRICT_PROTOTYPES = YES;
				CLANG_WARN_SUSPICIOUS_MOVE = YES;
				CLANG_WARN_UNGUARDED_AVAILABILITY = YES_AGGRESSIVE;
				CLANG_WARN_UNREACHABLE_CODE = YES;
				CLANG_WARN__DUPLICATE_METHOD_MATCH = YES;
				CODE_SIGN_IDENTITY = "iPhone Developer";
				COPY_PHASE_STRIP = NO;
				DEBUG_INFORMATION_FORMAT = dwarf;
				ENABLE_STRICT_OBJC_MSGSEND = YES;
				ENABLE_TESTABILITY = YES;
				GCC_C_LANGUAGE_STANDARD = gnu11;
				GCC_DYNAMIC_NO_PIC = NO;
				GCC_NO_COMMON_BLOCKS = YES;
				GCC_OPTIMIZATION_LEVEL = 0;
				GCC_PREPROCESSOR_DEFINITIONS = (
					"DEBUG=1",
					"$(inherited)",
				);
				GCC_WARN_64_TO_32_BIT_CONVERSION = YES;
				GCC_WARN_ABOUT_RETURN_TYPE = YES_ERROR;
				GCC_WARN_UNDECLARED_SELECTOR = YES;
				GCC_WARN_UNINITIALIZED_AUTOS = YES_AGGRESSIVE;
				GCC_WARN_UNUSED_FUNCTION = YES;
				GCC_WARN_UNUSED_VARIABLE = YES;
				IPHONEOS_DEPLOYMENT_TARGET = 11.2;
				MTL_ENABLE_DEBUG_INFO = YES;
				ONLY_ACTIVE_ARCH = YES;
				SDKROOT = iphoneos;
				SWIFT_ACTIVE_COMPILATION_CONDITIONS = DEBUG;
				SWIFT_OPTIMIZATION_LEVEL = "-Onone";
			};
			name = Debug;
		};
		0C2358EC2046BB30006919CF /* Release */ = {
			isa = XCBuildConfiguration;
			buildSettings = {
				ALWAYS_SEARCH_USER_PATHS = NO;
				CLANG_ANALYZER_NONNULL = YES;
				CLANG_ANALYZER_NUMBER_OBJECT_CONVERSION = YES_AGGRESSIVE;
				CLANG_CXX_LANGUAGE_STANDARD = "gnu++14";
				CLANG_CXX_LIBRARY = "libc++";
				CLANG_ENABLE_MODULES = YES;
				CLANG_ENABLE_OBJC_ARC = YES;
				CLANG_WARN_BLOCK_CAPTURE_AUTORELEASING = YES;
				CLANG_WARN_BOOL_CONVERSION = YES;
				CLANG_WARN_COMMA = YES;
				CLANG_WARN_CONSTANT_CONVERSION = YES;
				CLANG_WARN_DIRECT_OBJC_ISA_USAGE = YES_ERROR;
				CLANG_WARN_DOCUMENTATION_COMMENTS = YES;
				CLANG_WARN_EMPTY_BODY = YES;
				CLANG_WARN_ENUM_CONVERSION = YES;
				CLANG_WARN_INFINITE_RECURSION = YES;
				CLANG_WARN_INT_CONVERSION = YES;
				CLANG_WARN_NON_LITERAL_NULL_CONVERSION = YES;
				CLANG_WARN_OBJC_LITERAL_CONVERSION = YES;
				CLANG_WARN_OBJC_ROOT_CLASS = YES_ERROR;
				CLANG_WARN_RANGE_LOOP_ANALYSIS = YES;
				CLANG_WARN_STRICT_PROTOTYPES = YES;
				CLANG_WARN_SUSPICIOUS_MOVE = YES;
				CLANG_WARN_UNGUARDED_AVAILABILITY = YES_AGGRESSIVE;
				CLANG_WARN_UNREACHABLE_CODE = YES;
				CLANG_WARN__DUPLICATE_METHOD_MATCH = YES;
				CODE_SIGN_IDENTITY = "iPhone Developer";
				COPY_PHASE_STRIP = NO;
				DEBUG_INFORMATION_FORMAT = "dwarf-with-dsym";
				ENABLE_NS_ASSERTIONS = NO;
				ENABLE_STRICT_OBJC_MSGSEND = YES;
				GCC_C_LANGUAGE_STANDARD = gnu11;
				GCC_NO_COMMON_BLOCKS = YES;
				GCC_WARN_64_TO_32_BIT_CONVERSION = YES;
				GCC_WARN_ABOUT_RETURN_TYPE = YES_ERROR;
				GCC_WARN_UNDECLARED_SELECTOR = YES;
				GCC_WARN_UNINITIALIZED_AUTOS = YES_AGGRESSIVE;
				GCC_WARN_UNUSED_FUNCTION = YES;
				GCC_WARN_UNUSED_VARIABLE = YES;
				IPHONEOS_DEPLOYMENT_TARGET = 11.2;
				MTL_ENABLE_DEBUG_INFO = NO;
				SDKROOT = iphoneos;
				SWIFT_OPTIMIZATION_LEVEL = "-Owholemodule";
				VALIDATE_PRODUCT = YES;
			};
			name = Release;
		};
		0C2358EE2046BB30006919CF /* Debug */ = {
			isa = XCBuildConfiguration;
			baseConfigurationReference = 027D564D33627D8FA30CD466 /* Pods-PlantillaVIPER.debug.xcconfig */;
			buildSettings = {
				ASSETCATALOG_COMPILER_APPICON_NAME = AppIcon;
				CODE_SIGN_STYLE = Automatic;
				DEVELOPMENT_TEAM = 35JJ973A28;
				INFOPLIST_FILE = "$(SRCROOT)/PlantillaVIPER/Application/Info.plist";
				LD_RUNPATH_SEARCH_PATHS = "$(inherited) @executable_path/Frameworks";
				PRODUCT_BUNDLE_IDENTIFIER = necsia.PlantillaVIPER;
				PRODUCT_NAME = "$(TARGET_NAME)";
				SWIFT_VERSION = 4.0;
				TARGETED_DEVICE_FAMILY = "1,2";
			};
			name = Debug;
		};
		0C2358EF2046BB30006919CF /* Release */ = {
			isa = XCBuildConfiguration;
			baseConfigurationReference = 78865E979B17923279106C00 /* Pods-PlantillaVIPER.release.xcconfig */;
			buildSettings = {
				ASSETCATALOG_COMPILER_APPICON_NAME = AppIcon;
				CODE_SIGN_STYLE = Automatic;
				DEVELOPMENT_TEAM = 35JJ973A28;
				INFOPLIST_FILE = "$(SRCROOT)/PlantillaVIPER/Application/Info.plist";
				LD_RUNPATH_SEARCH_PATHS = "$(inherited) @executable_path/Frameworks";
				PRODUCT_BUNDLE_IDENTIFIER = necsia.PlantillaVIPER;
				PRODUCT_NAME = "$(TARGET_NAME)";
				SWIFT_VERSION = 4.0;
				TARGETED_DEVICE_FAMILY = "1,2";
			};
			name = Release;
		};
/* End XCBuildConfiguration section */

/* Begin XCConfigurationList section */
		0C2358D62046BB30006919CF /* Build configuration list for PBXProject "PlantillaVIPER" */ = {
			isa = XCConfigurationList;
			buildConfigurations = (
				0C2358EB2046BB30006919CF /* Debug */,
				0C2358EC2046BB30006919CF /* Release */,
			);
			defaultConfigurationIsVisible = 0;
			defaultConfigurationName = Release;
		};
		0C2358ED2046BB30006919CF /* Build configuration list for PBXNativeTarget "PlantillaVIPER" */ = {
			isa = XCConfigurationList;
			buildConfigurations = (
				0C2358EE2046BB30006919CF /* Debug */,
				0C2358EF2046BB30006919CF /* Release */,
			);
			defaultConfigurationIsVisible = 0;
			defaultConfigurationName = Release;
		};
/* End XCConfigurationList section */
	};
	rootObject = 0C2358D32046BB30006919CF /* Project object */;
}
